
Microsoft Visual Studio Solution File, Format Version 12.00
# Visual Studio Version 17
VisualStudioVersion = 17.5.002.0
MinimumVisualStudioVersion = 10.0.40219.1
Project("{9A19103F-16F7-4668-BE54-9A1E7A4F7556}") = "Headless", "Headless\Headless.csproj", "{3C3847A0-58C5-455D-AE28-F79AA561DAE6}"
EndProject
Project("{FAE04EC0-301F-11D3-BF4B-00C04F79EFBC}") = "EnginePrePatcher", "EnginePrePatcher\EnginePrePatcher.csproj", "{517CAC43-9680-467D-9EEA-E6B157508CEF}"
EndProject
Global
	GlobalSection(SolutionConfigurationPlatforms) = preSolution
		Debug|Any CPU = Debug|Any CPU
		Release|Any CPU = Release|Any CPU
	EndGlobalSection
	GlobalSection(ProjectConfigurationPlatforms) = postSolution
		{3C3847A0-58C5-455D-AE28-F79AA561DAE6}.Debug|Any CPU.ActiveCfg = Debug|Any CPU
		{3C3847A0-58C5-455D-AE28-F79AA561DAE6}.Debug|Any CPU.Build.0 = Debug|Any CPU
		{3C3847A0-58C5-455D-AE28-F79AA561DAE6}.Release|Any CPU.ActiveCfg = Release|Any CPU
		{3C3847A0-58C5-455D-AE28-F79AA561DAE6}.Release|Any CPU.Build.0 = Release|Any CPU
		{517CAC43-9680-467D-9EEA-E6B157508CEF}.Debug|Any CPU.ActiveCfg = Debug|Any CPU
		{517CAC43-9680-467D-9EEA-E6B157508CEF}.Debug|Any CPU.Build.0 = Debug|Any CPU
		{517CAC43-9680-467D-9EEA-E6B157508CEF}.Release|Any CPU.ActiveCfg = Release|Any CPU
		{517CAC43-9680-467D-9EEA-E6B157508CEF}.Release|Any CPU.Build.0 = Release|Any CPU
	EndGlobalSection
	GlobalSection(SolutionProperties) = preSolution
		HideSolutionNode = FALSE
	EndGlobalSection
	GlobalSection(ExtensibilityGlobals) = postSolution
		SolutionGuid = {E2E7DAD7-673C-4A76-8C13-7C288DC88E0A}
	EndGlobalSection
EndGlobal
